
Microsoft Visual Studio Solution File, Format Version 12.00
# Visual Studio Version 18
VisualStudioVersion = 18.1.11312.151
MinimumVisualStudioVersion = 10.0.40219.1
Project("{FAE04EC0-301F-11D3-BF4B-00C04F79EFBC}") = "Shared", "Shared\Shared.csproj", "{4F485FFE-497A-4D72-89A2-D7B57644AB97}"
EndProject
Project("{FAE04EC0-301F-11D3-BF4B-00C04F79EFBC}") = "Api", "Api\Api.csproj", "{22AB3B59-D39C-4C8A-BAFA-18FC8B08FA9E}"
EndProject
Project("{FAE04EC0-301F-11D3-BF4B-00C04F79EFBC}") = "Client", "Client\Client.csproj", "{62C1C0AB-E4EA-4B5A-8A11-3DBC0579BBB2}"
EndProject
Global
	GlobalSection(SolutionConfigurationPlatforms) = preSolution
		Debug|Any CPU = Debug|Any CPU
		Release|Any CPU = Release|Any CPU
	EndGlobalSection
	GlobalSection(ProjectConfigurationPlatforms) = postSolution
		{4F485FFE-497A-4D72-89A2-D7B57644AB97}.Debug|Any CPU.ActiveCfg = Debug|Any CPU
		{4F485FFE-497A-4D72-89A2-D7B57644AB97}.Debug|Any CPU.Build.0 = Debug|Any CPU
		{4F485FFE-497A-4D72-89A2-D7B57644AB97}.Release|Any CPU.ActiveCfg = Release|Any CPU
		{4F485FFE-497A-4D72-89A2-D7B57644AB97}.Release|Any CPU.Build.0 = Release|Any CPU
		{22AB3B59-D39C-4C8A-BAFA-18FC8B08FA9E}.Debug|Any CPU.ActiveCfg = Debug|Any CPU
		{22AB3B59-D39C-4C8A-BAFA-18FC8B08FA9E}.Debug|Any CPU.Build.0 = Debug|Any CPU
		{22AB3B59-D39C-4C8A-BAFA-18FC8B08FA9E}.Release|Any CPU.ActiveCfg = Release|Any CPU
		{22AB3B59-D39C-4C8A-BAFA-18FC8B08FA9E}.Release|Any CPU.Build.0 = Release|Any CPU
		{62C1C0AB-E4EA-4B5A-8A11-3DBC0579BBB2}.Debug|Any CPU.ActiveCfg = Debug|Any CPU
		{62C1C0AB-E4EA-4B5A-8A11-3DBC0579BBB2}.Debug|Any CPU.Build.0 = Debug|Any CPU
		{62C1C0AB-E4EA-4B5A-8A11-3DBC0579BBB2}.Release|Any CPU.ActiveCfg = Release|Any CPU
		{62C1C0AB-E4EA-4B5A-8A11-3DBC0579BBB2}.Release|Any CPU.Build.0 = Release|Any CPU
	EndGlobalSection
	GlobalSection(SolutionProperties) = preSolution
		HideSolutionNode = FALSE
	EndGlobalSection
	GlobalSection(ExtensibilityGlobals) = postSolution
		SolutionGuid = {55FA9F28-674A-417B-896F-0B5E90C28A2A}
	EndGlobalSection
EndGlobal
