
Microsoft Visual Studio Solution File, Format Version 12.00
# Visual Studio Version 17
VisualStudioVersion = 17.5.33424.131
MinimumVisualStudioVersion = 10.0.40219.1
Project("{9A19103F-16F7-4668-BE54-9A1E7A4F7556}") = "ToffersTunes", "ToffersTunes.csproj", "{634A0B76-790A-43BF-A6B6-24F17117CE02}"
EndProject
Global
	GlobalSection(SolutionConfigurationPlatforms) = preSolution
		Debug|Any CPU = Debug|Any CPU
		Release|Any CPU = Release|Any CPU
	EndGlobalSection
	GlobalSection(ProjectConfigurationPlatforms) = postSolution
		{634A0B76-790A-43BF-A6B6-24F17117CE02}.Debug|Any CPU.ActiveCfg = Debug|Any CPU
		{634A0B76-790A-43BF-A6B6-24F17117CE02}.Debug|Any CPU.Build.0 = Debug|Any CPU
		{634A0B76-790A-43BF-A6B6-24F17117CE02}.Release|Any CPU.ActiveCfg = Release|Any CPU
		{634A0B76-790A-43BF-A6B6-24F17117CE02}.Release|Any CPU.Build.0 = Release|Any CPU
	EndGlobalSection
	GlobalSection(SolutionProperties) = preSolution
		HideSolutionNode = FALSE
	EndGlobalSection
	GlobalSection(ExtensibilityGlobals) = postSolution
		SolutionGuid = {F4557D5F-2B4A-4BF3-97B4-3F80E694AD0E}
	EndGlobalSection
EndGlobal
